lockfileVersion: '9.0'

settings:
  autoInstallPeers: true
  excludeLinksFromLockfile: false

importers:

  .:
    dependencies:
      js-yaml:
        specifier: ^4.1.1
        version: 4.1.1
    devDependencies:
      '@types/js-yaml':
        specifier: ^4.0.9
        version: 4.0.9
      '@types/node':
        specifier: ^22.0.0
        version: 22.19.5
      typescript:
        specifier: ^5.5.0
        version: 5.9.3

packages:

  '@types/js-yaml@4.0.9':
    resolution: {integrity: sha512-k4MGaQl5TGo/iipqb2UDG2UwjXziSWkh0uysQelTlJpX1qGlpUZYm8PnO4DxG1qBomtJUdYJ6qR6xdIah10JLg==}

  '@types/node@22.19.5':
    resolution: {integrity: sha512-HfF8+mYcHPcPypui3w3mvzuIErlNOh2OAG+BCeBZCEwyiD5ls2SiCwEyT47OELtf7M3nHxBdu0FsmzdKxkN52Q==}

  argparse@2.0.1:
    resolution: {integrity: sha512-8+9WqebbFzpX9OR+Wa6O29asIogeRMzcGtAINdpMHHyAg10f05aSFVBbcEqGf/PXw1EjAZ+q2/bEBg3DvurK3Q==}

  js-yaml@4.1.1:
    resolution: {integrity: sha512-qQKT4zQxXl8lLwBtHMWwaTcGfFOZviOJet3Oy/xmGk2gZH677CJM9EvtfdSkgWcATZhj/55JZ0rmy3myCT5lsA==}
    hasBin: true

  typescript@5.9.3:
    resolution: {integrity: sha512-jl1vZzPDinLr9eUt3J/t7V6FgNEw9QjvBPdysz9KfQDD41fQrC2Y4vKQdiaUpFT4bXlb1RHhLpp8wtm6M5TgSw==}
    engines: {node: '>=14.17'}
    hasBin: true

  undici-types@6.21.0:
    resolution: {integrity: sha512-iwDZqg0QAGrg9Rav5H4n0M64c3mkR59cJ6wQp+7C4nI0gsmExaedaYLNO44eT4AtBBwjbTiGPMlt2Md0T9H9JQ==}

snapshots:

  '@types/js-yaml@4.0.9': {}

  '@types/node@22.19.5':
    dependencies:
      undici-types: 6.21.0

  argparse@2.0.1: {}

  js-yaml@4.1.1:
    dependencies:
      argparse: 2.0.1

  typescript@5.9.3: {}

  undici-types@6.21.0: {}
